
Microsoft Visual Studio Solution File, Format Version 12.00
# Visual Studio Version 16
VisualStudioVersion = 16.0.28729.10
MinimumVisualStudioVersion = 10.0.40219.1
Project("{FAE04EC0-301F-11D3-BF4B-00C04F79EFBC}") = "UsersApi", "UsersApi\UsersApi.csproj", "{18C6FC95-1F15-4CC6-9D22-D1160C76F569}"
EndProject
Project("{FAE04EC0-301F-11D3-BF4B-00C04F79EFBC}") = "UsersApi.Tests", "UsersApi.Tests\UsersApi.Tests.csproj", "{53214E04-8953-4A2D-ADED-416E29DBD54A}"
EndProject
Global
	GlobalSection(SolutionConfigurationPlatforms) = preSolution
		Debug|Any CPU = Debug|Any CPU
		Release|Any CPU = Release|Any CPU
	EndGlobalSection
	GlobalSection(ProjectConfigurationPlatforms) = postSolution
		{18C6FC95-1F15-4CC6-9D22-D1160C76F569}.Debug|Any CPU.ActiveCfg = Debug|Any CPU
		{18C6FC95-1F15-4CC6-9D22-D1160C76F569}.Debug|Any CPU.Build.0 = Debug|Any CPU
		{18C6FC95-1F15-4CC6-9D22-D1160C76F569}.Release|Any CPU.ActiveCfg = Release|Any CPU
		{18C6FC95-1F15-4CC6-9D22-D1160C76F569}.Release|Any CPU.Build.0 = Release|Any CPU
		{53214E04-8953-4A2D-ADED-416E29DBD54A}.Debug|Any CPU.ActiveCfg = Debug|Any CPU
		{53214E04-8953-4A2D-ADED-416E29DBD54A}.Debug|Any CPU.Build.0 = Debug|Any CPU
		{53214E04-8953-4A2D-ADED-416E29DBD54A}.Release|Any CPU.ActiveCfg = Release|Any CPU
		{53214E04-8953-4A2D-ADED-416E29DBD54A}.Release|Any CPU.Build.0 = Release|Any CPU
	EndGlobalSection
	GlobalSection(SolutionProperties) = preSolution
		HideSolutionNode = FALSE
	EndGlobalSection
	GlobalSection(ExtensibilityGlobals) = postSolution
		SolutionGuid = {24810ECD-F8F7-462D-91C9-8B0C344F25E7}
	EndGlobalSection
EndGlobal
